
Microsoft Visual Studio Solution File, Format Version 12.00
Project("{FAE04EC0-301F-11D3-BF4B-00C04F79EFBC}") = "AdventOfCode8.1", "AdventOfCode8.1\AdventOfCode8.1.csproj", "{EC53EBDB-DB14-408E-A6B9-E291D738D772}"
EndProject
Global
	GlobalSection(SolutionConfigurationPlatforms) = preSolution
		Debug|Any CPU = Debug|Any CPU
		Release|Any CPU = Release|Any CPU
	EndGlobalSection
	GlobalSection(ProjectConfigurationPlatforms) = postSolution
		{EC53EBDB-DB14-408E-A6B9-E291D738D772}.Debug|Any CPU.ActiveCfg = Debug|Any CPU
		{EC53EBDB-DB14-408E-A6B9-E291D738D772}.Debug|Any CPU.Build.0 = Debug|Any CPU
		{EC53EBDB-DB14-408E-A6B9-E291D738D772}.Release|Any CPU.ActiveCfg = Release|Any CPU
		{EC53EBDB-DB14-408E-A6B9-E291D738D772}.Release|Any CPU.Build.0 = Release|Any CPU
	EndGlobalSection
EndGlobal
